
Microsoft Visual Studio Solution File, Format Version 12.00
# Visual Studio Version 16
VisualStudioVersion = 16.0.810.23
MinimumVisualStudioVersion = 10.0.40219.1
Project("{FAE04EC0-301F-11D3-BF4B-00C04F79EFBC}") = "CheckersUI", "CheckersUI\CheckersUI.csproj", "{6150C686-8106-482F-B565-1B85701B5354}"
EndProject
Global
	GlobalSection(SolutionConfigurationPlatforms) = preSolution
		Debug|anycpu = Debug|anycpu
		Release|anycpu = Release|anycpu
	EndGlobalSection
	GlobalSection(ProjectConfigurationPlatforms) = postSolution
		{6150C686-8106-482F-B565-1B85701B5354}.Debug|anycpu.ActiveCfg = Debug|anycpu
		{6150C686-8106-482F-B565-1B85701B5354}.Debug|anycpu.Build.0 = Debug|anycpu
		{6150C686-8106-482F-B565-1B85701B5354}.Release|anycpu.ActiveCfg = Release|anycpu
		{6150C686-8106-482F-B565-1B85701B5354}.Release|anycpu.Build.0 = Release|anycpu
	EndGlobalSection
	GlobalSection(SolutionProperties) = preSolution
		HideSolutionNode = FALSE
	EndGlobalSection
	GlobalSection(ExtensibilityGlobals) = postSolution
		SolutionGuid = {73E1864C-791A-4CEC-878D-E814CA01CE93}
	EndGlobalSection
EndGlobal
