
Microsoft Visual Studio Solution File, Format Version 12.00
# Visual Studio Version 17
VisualStudioVersion = 17.2.32526.322
MinimumVisualStudioVersion = 10.0.40219.1
Project("{FAE04EC0-301F-11D3-BF4B-00C04F79EFBC}") = "CheckersWindows", "CheckersWindows\CheckersWindows.csproj", "{11547BAA-31EB-42A2-B617-9A964902524B}"
EndProject
Global
	GlobalSection(SolutionConfigurationPlatforms) = preSolution
		Debug|anycpu = Debug|anycpu
		Release|anycpu = Release|anycpu
	EndGlobalSection
	GlobalSection(ProjectConfigurationPlatforms) = postSolution
		{11547BAA-31EB-42A2-B617-9A964902524B}.Debug|anycpu.ActiveCfg = Debug|Any CPU
		{11547BAA-31EB-42A2-B617-9A964902524B}.Debug|anycpu.Build.0 = Debug|Any CPU
		{11547BAA-31EB-42A2-B617-9A964902524B}.Release|anycpu.ActiveCfg = Release|Any CPU
		{11547BAA-31EB-42A2-B617-9A964902524B}.Release|anycpu.Build.0 = Release|Any CPU
	EndGlobalSection
	GlobalSection(SolutionProperties) = preSolution
		HideSolutionNode = FALSE
	EndGlobalSection
	GlobalSection(ExtensibilityGlobals) = postSolution
		SolutionGuid = {73E1864C-791A-4CEC-878D-E814CA01CE93}
	EndGlobalSection
EndGlobal
